
Microsoft Visual Studio Solution File, Format Version 12.00
# Visual Studio Version 16
VisualStudioVersion = 16.0.28803.156
MinimumVisualStudioVersion = 10.0.40219.1
Project("{8BC9CEB8-8B4A-11D0-8D11-00A0C91BC942}") = "dynamicDeclaration", "dynamicDeclaration\dynamicDeclaration.vcxproj", "{8A6B521E-6E93-4FD5-9DB5-A0CDC315FE4A}"
EndProject
Global
	GlobalSection(SolutionConfigurationPlatforms) = preSolution
		Debug|x64 = Debug|x64
		Debug|x86 = Debug|x86
		Release|x64 = Release|x64
		Release|x86 = Release|x86
	EndGlobalSection
	GlobalSection(ProjectConfigurationPlatforms) = postSolution
		{8A6B521E-6E93-4FD5-9DB5-A0CDC315FE4A}.Debug|x64.ActiveCfg = Debug|x64
		{8A6B521E-6E93-4FD5-9DB5-A0CDC315FE4A}.Debug|x64.Build.0 = Debug|x64
		{8A6B521E-6E93-4FD5-9DB5-A0CDC315FE4A}.Debug|x86.ActiveCfg = Debug|Win32
		{8A6B521E-6E93-4FD5-9DB5-A0CDC315FE4A}.Debug|x86.Build.0 = Debug|Win32
		{8A6B521E-6E93-4FD5-9DB5-A0CDC315FE4A}.Release|x64.ActiveCfg = Release|x64
		{8A6B521E-6E93-4FD5-9DB5-A0CDC315FE4A}.Release|x64.Build.0 = Release|x64
		{8A6B521E-6E93-4FD5-9DB5-A0CDC315FE4A}.Release|x86.ActiveCfg = Release|Win32
		{8A6B521E-6E93-4FD5-9DB5-A0CDC315FE4A}.Release|x86.Build.0 = Release|Win32
	EndGlobalSection
	GlobalSection(SolutionProperties) = preSolution
		HideSolutionNode = FALSE
	EndGlobalSection
	GlobalSection(ExtensibilityGlobals) = postSolution
		SolutionGuid = {B6E185AC-BEB5-4C6F-86D0-3171C4B1739E}
	EndGlobalSection
EndGlobal
